
Microsoft Visual Studio Solution File, Format Version 12.00
# Visual Studio Version 16
VisualStudioVersion = 16.0.30413.136
MinimumVisualStudioVersion = 10.0.40219.1
Project("{FAE04EC0-301F-11D3-BF4B-00C04F79EFBC}") = "Parcial1", "Parcial1\Parcial1.csproj", "{45B08DC0-B391-4FCC-983F-EF9AD6EC6C22}"
EndProject
Project("{FAE04EC0-301F-11D3-BF4B-00C04F79EFBC}") = "Datos", "Datos\Datos.csproj", "{FACB41F2-27A1-4D04-98DD-545F2ECE8FC7}"
EndProject
Project("{FAE04EC0-301F-11D3-BF4B-00C04F79EFBC}") = "Logica", "Logica\Logica.csproj", "{8DEBFFF5-DB7A-4FC1-82F9-662D8DA4B85C}"
EndProject
Project("{FAE04EC0-301F-11D3-BF4B-00C04F79EFBC}") = "Entidad", "Entidad\Entidad.csproj", "{590A71D6-8CE6-48B9-A5EC-B27C0BA07D24}"
EndProject
Global
	GlobalSection(SolutionConfigurationPlatforms) = preSolution
		Debug|Any CPU = Debug|Any CPU
		Release|Any CPU = Release|Any CPU
	EndGlobalSection
	GlobalSection(ProjectConfigurationPlatforms) = postSolution
		{45B08DC0-B391-4FCC-983F-EF9AD6EC6C22}.Debug|Any CPU.ActiveCfg = Debug|Any CPU
		{45B08DC0-B391-4FCC-983F-EF9AD6EC6C22}.Debug|Any CPU.Build.0 = Debug|Any CPU
		{45B08DC0-B391-4FCC-983F-EF9AD6EC6C22}.Release|Any CPU.ActiveCfg = Release|Any CPU
		{45B08DC0-B391-4FCC-983F-EF9AD6EC6C22}.Release|Any CPU.Build.0 = Release|Any CPU
		{FACB41F2-27A1-4D04-98DD-545F2ECE8FC7}.Debug|Any CPU.ActiveCfg = Debug|Any CPU
		{FACB41F2-27A1-4D04-98DD-545F2ECE8FC7}.Debug|Any CPU.Build.0 = Debug|Any CPU
		{FACB41F2-27A1-4D04-98DD-545F2ECE8FC7}.Release|Any CPU.ActiveCfg = Release|Any CPU
		{FACB41F2-27A1-4D04-98DD-545F2ECE8FC7}.Release|Any CPU.Build.0 = Release|Any CPU
		{8DEBFFF5-DB7A-4FC1-82F9-662D8DA4B85C}.Debug|Any CPU.ActiveCfg = Debug|Any CPU
		{8DEBFFF5-DB7A-4FC1-82F9-662D8DA4B85C}.Debug|Any CPU.Build.0 = Debug|Any CPU
		{8DEBFFF5-DB7A-4FC1-82F9-662D8DA4B85C}.Release|Any CPU.ActiveCfg = Release|Any CPU
		{8DEBFFF5-DB7A-4FC1-82F9-662D8DA4B85C}.Release|Any CPU.Build.0 = Release|Any CPU
		{590A71D6-8CE6-48B9-A5EC-B27C0BA07D24}.Debug|Any CPU.ActiveCfg = Debug|Any CPU
		{590A71D6-8CE6-48B9-A5EC-B27C0BA07D24}.Debug|Any CPU.Build.0 = Debug|Any CPU
		{590A71D6-8CE6-48B9-A5EC-B27C0BA07D24}.Release|Any CPU.ActiveCfg = Release|Any CPU
		{590A71D6-8CE6-48B9-A5EC-B27C0BA07D24}.Release|Any CPU.Build.0 = Release|Any CPU
	EndGlobalSection
	GlobalSection(SolutionProperties) = preSolution
		HideSolutionNode = FALSE
	EndGlobalSection
	GlobalSection(ExtensibilityGlobals) = postSolution
		SolutionGuid = {AEE89AB7-AF5B-421E-82B6-5D683F391309}
	EndGlobalSection
EndGlobal
